# This file was autogenerated by Stack.
# You should not edit this file by hand.
# For more information, please see the documentation at:
#   https://docs.haskellstack.org/en/stable/lock_files

packages:
- completed:
    hackage: validation-selective-0.2.0.0@sha256:e847f5aeb078414d22677e6fe1760355ea3bbafc116fa4a9c8bce7f2c3dbcb54,3801
    pantry-tree:
      sha256: 8922546e4fd3d8a63a8378967791b17b2ccc30b659483f4656925896f34921f8
      size: 697
  original:
    hackage: validation-selective-0.2.0.0
- completed:
    hackage: bytestring-conversion-0.3.2@sha256:156804ee1178e1d57a4c834968a1f70ba490a158fad410771910bd0be6444122,2546
    pantry-tree:
      sha256: f0a7c09ece25d568dbb832b11b7f5c105e40e4fc7faf0be4d3c363a67aaf9bbd
      size: 700
  original:
    hackage: bytestring-conversion-0.3.2
- completed:
    hackage: morpheus-graphql-0.27.3@sha256:d1b8ecd2093fca77b051f20ab92ea3a26e52e701f48ebcff5f479a23687c7af8,17690
    pantry-tree:
      sha256: e58d86efcc1551b4963cdd4e8756710c3cc187b168a3c0663a5a1d1b64d2a3cd
      size: 22603
  original:
    hackage: morpheus-graphql-0.27.3
- completed:
    hackage: morpheus-graphql-code-gen-0.27.3@sha256:7b4039f7d225f9e93600aab2e48581e9ca68b5fc1c31bd97a8985866defe92f2,2700
    pantry-tree:
      sha256: 53b7b6268ba9a398ed99737065ff4424ccbe9168fd2b8c0d43e270fcf9677228
      size: 1124
  original:
    hackage: morpheus-graphql-code-gen-0.27.3
- completed:
    hackage: effectful-plugin-1.1.0.2@sha256:8b5d8b983dddb2b4968e1b2ba4b4c61da44d7d9bb3a92364fce4279c5724d864,2537
    pantry-tree:
      sha256: 4ae2687669e9f2e978c601af5e1db206ab01f41b622e260a9460f0675069c483
      size: 412
  original:
    hackage: effectful-plugin-1.1.0.2
- completed:
    hackage: haxl-2.4.0.0@sha256:6cefd8c188440f96ca7dbfae41ac5bf33756f732c682dce908cdc10b849d7959,4026
    pantry-tree:
      sha256: ec3a0e9f45b9454239ccdc72e0ac8b6ca627b94721dcd2327d123a8af10d71e9
      size: 3218
  original:
    hackage: haxl-2.4.0.0
snapshots:
- completed:
    sha256: 2fdd7d3e54540062ef75ca0a73ca3a804c527dbf8a4cadafabf340e66ac4af40
    size: 712469
    url: https://raw.githubusercontent.com/commercialhaskell/stackage-snapshots/master/lts/22/11.yaml
  original: lts-22.11
