# This file was autogenerated by Stack.
# You should not edit this file by hand.
# For more information, please see the documentation at:
#   https://docs.haskellstack.org/en/stable/lock_files

packages:
- completed:
    hackage: validation-selective-0.2.0.0@sha256:e847f5aeb078414d22677e6fe1760355ea3bbafc116fa4a9c8bce7f2c3dbcb54,3801
    pantry-tree:
      sha256: 8922546e4fd3d8a63a8378967791b17b2ccc30b659483f4656925896f34921f8
      size: 697
  original:
    hackage: validation-selective-0.2.0.0
- completed:
    hackage: bytestring-conversion-0.3.2@sha256:156804ee1178e1d57a4c834968a1f70ba490a158fad410771910bd0be6444122,2546
    pantry-tree:
      sha256: f0a7c09ece25d568dbb832b11b7f5c105e40e4fc7faf0be4d3c363a67aaf9bbd
      size: 700
  original:
    hackage: bytestring-conversion-0.3.2
snapshots:
- completed:
    sha256: fb482b8e2d5d061cdda4ba1da2957c012740c893a5ee1c1b99001adae7b1fbe7
    size: 640046
    url: https://raw.githubusercontent.com/commercialhaskell/stackage-snapshots/master/lts/21/19.yaml
  original: lts-21.19
